
Microsoft Visual Studio Solution File, Format Version 12.00
# Visual Studio Version 17
VisualStudioVersion = 17.0.31919.166
MinimumVisualStudioVersion = 10.0.40219.1
Project("{8BC9CEB8-8B4A-11D0-8D11-00A0C91BC942}") = "Windows10SystemProgramming", "Windows10SystemProgramming\Windows10SystemProgramming.vcxproj", "{60054C72-FE5E-4261-9162-0F80A798B373}"
EndProject
Project("{2150E333-8FDC-42A3-9474-1A3956D46DE8}") = "Chapter1", "Chapter1", "{6333B6B3-E187-441F-BD07-1ED8A9CE977B}"
EndProject
Project("{8BC9CEB8-8B4A-11D0-8D11-00A0C91BC942}") = "CloseProcessById", "Chapter1\CloseProcessById\CloseProcessById.vcxproj", "{1EC9E999-9148-4EE1-A414-21E4D99D7A47}"
EndProject
Project("{8BC9CEB8-8B4A-11D0-8D11-00A0C91BC942}") = "CopyStrings", "Chapter1\CopyStrings\CopyStrings.vcxproj", "{FA1CBAE4-AA24-407A-A646-B41A5FF3F863}"
EndProject
Project("{8BC9CEB8-8B4A-11D0-8D11-00A0C91BC942}") = "FormatMessageProject", "Chapter1\FormatMessageProject\FormatMessageProject.vcxproj", "{174BD490-E727-41E5-A0C6-1048634B3FDD}"
EndProject
Project("{8BC9CEB8-8B4A-11D0-8D11-00A0C91BC942}") = "GetMoreSystemInfo", "Chapter1\GetMoreSystemInfo\GetMoreSystemInfo.vcxproj", "{9391484A-CA4A-4C57-920C-AFC5140EB1DD}"
EndProject
Project("{8BC9CEB8-8B4A-11D0-8D11-00A0C91BC942}") = "GetNativeSysteminformationProject", "Chapter1\GetNativeSysteminformationProject\GetNativeSysteminformationProject.vcxproj", "{2CD3BF64-1321-4E86-B3DA-9A1F8111F58C}"
EndProject
Project("{8BC9CEB8-8B4A-11D0-8D11-00A0C91BC942}") = "GetSystemDirectoryProject", "Chapter1\GetSystemDirectoryProject\GetSystemDirectoryProject.vcxproj", "{24828B71-5C3B-4B59-A165-893895867CE8}"
EndProject
Project("{8BC9CEB8-8B4A-11D0-8D11-00A0C91BC942}") = "HandleJustOneInstanceRunningUsingMutext", "Chapter1\HandleJustOneInstanceRunningUsingMutext\HandleJustOneInstanceRunningUsingMutext.vcxproj", "{459AB5F3-A590-43AD-94F4-C9A6DF8E1ECE}"
EndProject
Project("{8BC9CEB8-8B4A-11D0-8D11-00A0C91BC942}") = "SingleInstanceApplication", "Chapter1\SingleInstanceApplication\SingleInstanceApplication.vcxproj", "{414C269F-102E-4A3A-ABEF-992C3D1B2EBF}"
EndProject
Project("{2150E333-8FDC-42A3-9474-1A3956D46DE8}") = "Chapter2", "Chapter2", "{9A1B446F-7384-40AE-8161-8AB522CEB1E7}"
EndProject
Project("{8BC9CEB8-8B4A-11D0-8D11-00A0C91BC942}") = "HandleJustOneInstanceRunningUsingMutext", "Chapter2\HandleJustOneInstanceRunningUsingMutext\HandleJustOneInstanceRunningUsingMutext.vcxproj", "{40C04046-8A83-43BF-86B2-8DDABABAAB4B}"
EndProject
Project("{8BC9CEB8-8B4A-11D0-8D11-00A0C91BC942}") = "SingleInstanceApplication", "Chapter2\SingleInstanceApplication\SingleInstanceApplication.vcxproj", "{0D48D546-4AB6-4F3E-9460-B34B6570C040}"
EndProject
Global
	GlobalSection(SolutionConfigurationPlatforms) = preSolution
		Debug|x64 = Debug|x64
		Debug|x86 = Debug|x86
		Release|x64 = Release|x64
		Release|x86 = Release|x86
	EndGlobalSection
	GlobalSection(ProjectConfigurationPlatforms) = postSolution
		{60054C72-FE5E-4261-9162-0F80A798B373}.Debug|x64.ActiveCfg = Debug|x64
		{60054C72-FE5E-4261-9162-0F80A798B373}.Debug|x64.Build.0 = Debug|x64
		{60054C72-FE5E-4261-9162-0F80A798B373}.Debug|x86.ActiveCfg = Debug|Win32
		{60054C72-FE5E-4261-9162-0F80A798B373}.Debug|x86.Build.0 = Debug|Win32
		{60054C72-FE5E-4261-9162-0F80A798B373}.Release|x64.ActiveCfg = Release|x64
		{60054C72-FE5E-4261-9162-0F80A798B373}.Release|x64.Build.0 = Release|x64
		{60054C72-FE5E-4261-9162-0F80A798B373}.Release|x86.ActiveCfg = Release|Win32
		{60054C72-FE5E-4261-9162-0F80A798B373}.Release|x86.Build.0 = Release|Win32
		{1EC9E999-9148-4EE1-A414-21E4D99D7A47}.Debug|x64.ActiveCfg = Debug|x64
		{1EC9E999-9148-4EE1-A414-21E4D99D7A47}.Debug|x64.Build.0 = Debug|x64
		{1EC9E999-9148-4EE1-A414-21E4D99D7A47}.Debug|x86.ActiveCfg = Debug|Win32
		{1EC9E999-9148-4EE1-A414-21E4D99D7A47}.Debug|x86.Build.0 = Debug|Win32
		{1EC9E999-9148-4EE1-A414-21E4D99D7A47}.Release|x64.ActiveCfg = Release|x64
		{1EC9E999-9148-4EE1-A414-21E4D99D7A47}.Release|x64.Build.0 = Release|x64
		{1EC9E999-9148-4EE1-A414-21E4D99D7A47}.Release|x86.ActiveCfg = Release|Win32
		{1EC9E999-9148-4EE1-A414-21E4D99D7A47}.Release|x86.Build.0 = Release|Win32
		{FA1CBAE4-AA24-407A-A646-B41A5FF3F863}.Debug|x64.ActiveCfg = Debug|x64
		{FA1CBAE4-AA24-407A-A646-B41A5FF3F863}.Debug|x64.Build.0 = Debug|x64
		{FA1CBAE4-AA24-407A-A646-B41A5FF3F863}.Debug|x86.ActiveCfg = Debug|Win32
		{FA1CBAE4-AA24-407A-A646-B41A5FF3F863}.Debug|x86.Build.0 = Debug|Win32
		{FA1CBAE4-AA24-407A-A646-B41A5FF3F863}.Release|x64.ActiveCfg = Release|x64
		{FA1CBAE4-AA24-407A-A646-B41A5FF3F863}.Release|x64.Build.0 = Release|x64
		{FA1CBAE4-AA24-407A-A646-B41A5FF3F863}.Release|x86.ActiveCfg = Release|Win32
		{FA1CBAE4-AA24-407A-A646-B41A5FF3F863}.Release|x86.Build.0 = Release|Win32
		{174BD490-E727-41E5-A0C6-1048634B3FDD}.Debug|x64.ActiveCfg = Debug|x64
		{174BD490-E727-41E5-A0C6-1048634B3FDD}.Debug|x64.Build.0 = Debug|x64
		{174BD490-E727-41E5-A0C6-1048634B3FDD}.Debug|x86.ActiveCfg = Debug|Win32
		{174BD490-E727-41E5-A0C6-1048634B3FDD}.Debug|x86.Build.0 = Debug|Win32
		{174BD490-E727-41E5-A0C6-1048634B3FDD}.Release|x64.ActiveCfg = Release|x64
		{174BD490-E727-41E5-A0C6-1048634B3FDD}.Release|x64.Build.0 = Release|x64
		{174BD490-E727-41E5-A0C6-1048634B3FDD}.Release|x86.ActiveCfg = Release|Win32
		{174BD490-E727-41E5-A0C6-1048634B3FDD}.Release|x86.Build.0 = Release|Win32
		{9391484A-CA4A-4C57-920C-AFC5140EB1DD}.Debug|x64.ActiveCfg = Debug|x64
		{9391484A-CA4A-4C57-920C-AFC5140EB1DD}.Debug|x64.Build.0 = Debug|x64
		{9391484A-CA4A-4C57-920C-AFC5140EB1DD}.Debug|x86.ActiveCfg = Debug|Win32
		{9391484A-CA4A-4C57-920C-AFC5140EB1DD}.Debug|x86.Build.0 = Debug|Win32
		{9391484A-CA4A-4C57-920C-AFC5140EB1DD}.Release|x64.ActiveCfg = Release|x64
		{9391484A-CA4A-4C57-920C-AFC5140EB1DD}.Release|x64.Build.0 = Release|x64
		{9391484A-CA4A-4C57-920C-AFC5140EB1DD}.Release|x86.ActiveCfg = Release|Win32
		{9391484A-CA4A-4C57-920C-AFC5140EB1DD}.Release|x86.Build.0 = Release|Win32
		{2CD3BF64-1321-4E86-B3DA-9A1F8111F58C}.Debug|x64.ActiveCfg = Debug|x64
		{2CD3BF64-1321-4E86-B3DA-9A1F8111F58C}.Debug|x64.Build.0 = Debug|x64
		{2CD3BF64-1321-4E86-B3DA-9A1F8111F58C}.Debug|x86.ActiveCfg = Debug|Win32
		{2CD3BF64-1321-4E86-B3DA-9A1F8111F58C}.Debug|x86.Build.0 = Debug|Win32
		{2CD3BF64-1321-4E86-B3DA-9A1F8111F58C}.Release|x64.ActiveCfg = Release|x64
		{2CD3BF64-1321-4E86-B3DA-9A1F8111F58C}.Release|x64.Build.0 = Release|x64
		{2CD3BF64-1321-4E86-B3DA-9A1F8111F58C}.Release|x86.ActiveCfg = Release|Win32
		{2CD3BF64-1321-4E86-B3DA-9A1F8111F58C}.Release|x86.Build.0 = Release|Win32
		{24828B71-5C3B-4B59-A165-893895867CE8}.Debug|x64.ActiveCfg = Debug|x64
		{24828B71-5C3B-4B59-A165-893895867CE8}.Debug|x64.Build.0 = Debug|x64
		{24828B71-5C3B-4B59-A165-893895867CE8}.Debug|x86.ActiveCfg = Debug|Win32
		{24828B71-5C3B-4B59-A165-893895867CE8}.Debug|x86.Build.0 = Debug|Win32
		{24828B71-5C3B-4B59-A165-893895867CE8}.Release|x64.ActiveCfg = Release|x64
		{24828B71-5C3B-4B59-A165-893895867CE8}.Release|x64.Build.0 = Release|x64
		{24828B71-5C3B-4B59-A165-893895867CE8}.Release|x86.ActiveCfg = Release|Win32
		{24828B71-5C3B-4B59-A165-893895867CE8}.Release|x86.Build.0 = Release|Win32
		{459AB5F3-A590-43AD-94F4-C9A6DF8E1ECE}.Debug|x64.ActiveCfg = Debug|x64
		{459AB5F3-A590-43AD-94F4-C9A6DF8E1ECE}.Debug|x64.Build.0 = Debug|x64
		{459AB5F3-A590-43AD-94F4-C9A6DF8E1ECE}.Debug|x86.ActiveCfg = Debug|Win32
		{459AB5F3-A590-43AD-94F4-C9A6DF8E1ECE}.Debug|x86.Build.0 = Debug|Win32
		{459AB5F3-A590-43AD-94F4-C9A6DF8E1ECE}.Release|x64.ActiveCfg = Release|x64
		{459AB5F3-A590-43AD-94F4-C9A6DF8E1ECE}.Release|x64.Build.0 = Release|x64
		{459AB5F3-A590-43AD-94F4-C9A6DF8E1ECE}.Release|x86.ActiveCfg = Release|Win32
		{459AB5F3-A590-43AD-94F4-C9A6DF8E1ECE}.Release|x86.Build.0 = Release|Win32
		{414C269F-102E-4A3A-ABEF-992C3D1B2EBF}.Debug|x64.ActiveCfg = Debug|x64
		{414C269F-102E-4A3A-ABEF-992C3D1B2EBF}.Debug|x64.Build.0 = Debug|x64
		{414C269F-102E-4A3A-ABEF-992C3D1B2EBF}.Debug|x86.ActiveCfg = Debug|Win32
		{414C269F-102E-4A3A-ABEF-992C3D1B2EBF}.Debug|x86.Build.0 = Debug|Win32
		{414C269F-102E-4A3A-ABEF-992C3D1B2EBF}.Release|x64.ActiveCfg = Release|x64
		{414C269F-102E-4A3A-ABEF-992C3D1B2EBF}.Release|x64.Build.0 = Release|x64
		{414C269F-102E-4A3A-ABEF-992C3D1B2EBF}.Release|x86.ActiveCfg = Release|Win32
		{414C269F-102E-4A3A-ABEF-992C3D1B2EBF}.Release|x86.Build.0 = Release|Win32
		{40C04046-8A83-43BF-86B2-8DDABABAAB4B}.Debug|x64.ActiveCfg = Debug|x64
		{40C04046-8A83-43BF-86B2-8DDABABAAB4B}.Debug|x64.Build.0 = Debug|x64
		{40C04046-8A83-43BF-86B2-8DDABABAAB4B}.Debug|x86.ActiveCfg = Debug|Win32
		{40C04046-8A83-43BF-86B2-8DDABABAAB4B}.Debug|x86.Build.0 = Debug|Win32
		{40C04046-8A83-43BF-86B2-8DDABABAAB4B}.Release|x64.ActiveCfg = Release|x64
		{40C04046-8A83-43BF-86B2-8DDABABAAB4B}.Release|x64.Build.0 = Release|x64
		{40C04046-8A83-43BF-86B2-8DDABABAAB4B}.Release|x86.ActiveCfg = Release|Win32
		{40C04046-8A83-43BF-86B2-8DDABABAAB4B}.Release|x86.Build.0 = Release|Win32
		{0D48D546-4AB6-4F3E-9460-B34B6570C040}.Debug|x64.ActiveCfg = Debug|x64
		{0D48D546-4AB6-4F3E-9460-B34B6570C040}.Debug|x64.Build.0 = Debug|x64
		{0D48D546-4AB6-4F3E-9460-B34B6570C040}.Debug|x86.ActiveCfg = Debug|Win32
		{0D48D546-4AB6-4F3E-9460-B34B6570C040}.Debug|x86.Build.0 = Debug|Win32
		{0D48D546-4AB6-4F3E-9460-B34B6570C040}.Release|x64.ActiveCfg = Release|x64
		{0D48D546-4AB6-4F3E-9460-B34B6570C040}.Release|x64.Build.0 = Release|x64
		{0D48D546-4AB6-4F3E-9460-B34B6570C040}.Release|x86.ActiveCfg = Release|Win32
		{0D48D546-4AB6-4F3E-9460-B34B6570C040}.Release|x86.Build.0 = Release|Win32
	EndGlobalSection
	GlobalSection(SolutionProperties) = preSolution
		HideSolutionNode = FALSE
	EndGlobalSection
	GlobalSection(NestedProjects) = preSolution
		{1EC9E999-9148-4EE1-A414-21E4D99D7A47} = {6333B6B3-E187-441F-BD07-1ED8A9CE977B}
		{FA1CBAE4-AA24-407A-A646-B41A5FF3F863} = {6333B6B3-E187-441F-BD07-1ED8A9CE977B}
		{174BD490-E727-41E5-A0C6-1048634B3FDD} = {6333B6B3-E187-441F-BD07-1ED8A9CE977B}
		{9391484A-CA4A-4C57-920C-AFC5140EB1DD} = {6333B6B3-E187-441F-BD07-1ED8A9CE977B}
		{2CD3BF64-1321-4E86-B3DA-9A1F8111F58C} = {6333B6B3-E187-441F-BD07-1ED8A9CE977B}
		{24828B71-5C3B-4B59-A165-893895867CE8} = {6333B6B3-E187-441F-BD07-1ED8A9CE977B}
		{459AB5F3-A590-43AD-94F4-C9A6DF8E1ECE} = {6333B6B3-E187-441F-BD07-1ED8A9CE977B}
		{414C269F-102E-4A3A-ABEF-992C3D1B2EBF} = {6333B6B3-E187-441F-BD07-1ED8A9CE977B}
		{40C04046-8A83-43BF-86B2-8DDABABAAB4B} = {9A1B446F-7384-40AE-8161-8AB522CEB1E7}
		{0D48D546-4AB6-4F3E-9460-B34B6570C040} = {9A1B446F-7384-40AE-8161-8AB522CEB1E7}
	EndGlobalSection
	GlobalSection(ExtensibilityGlobals) = postSolution
		SolutionGuid = {466E54A4-EC77-4BBE-BFD2-ACA89C2271B3}
	EndGlobalSection
EndGlobal
